
Microsoft Visual Studio Solution File, Format Version 12.00
# Visual Studio Version 17
VisualStudioVersion = 17.5.002.0
MinimumVisualStudioVersion = 10.0.40219.1
Project("{9A19103F-16F7-4668-BE54-9A1E7A4F7556}") = "Задача 4", "Задача 4.csproj", "{D1C9DAF0-6C62-4C65-BB52-50D9108D21FF}"
EndProject
Global
	GlobalSection(SolutionConfigurationPlatforms) = preSolution
		Debug|Any CPU = Debug|Any CPU
		Release|Any CPU = Release|Any CPU
	EndGlobalSection
	GlobalSection(ProjectConfigurationPlatforms) = postSolution
		{D1C9DAF0-6C62-4C65-BB52-50D9108D21FF}.Debug|Any CPU.ActiveCfg = Debug|Any CPU
		{D1C9DAF0-6C62-4C65-BB52-50D9108D21FF}.Debug|Any CPU.Build.0 = Debug|Any CPU
		{D1C9DAF0-6C62-4C65-BB52-50D9108D21FF}.Release|Any CPU.ActiveCfg = Release|Any CPU
		{D1C9DAF0-6C62-4C65-BB52-50D9108D21FF}.Release|Any CPU.Build.0 = Release|Any CPU
	EndGlobalSection
	GlobalSection(SolutionProperties) = preSolution
		HideSolutionNode = FALSE
	EndGlobalSection
	GlobalSection(ExtensibilityGlobals) = postSolution
		SolutionGuid = {F41C0FB5-D3BE-4469-8E23-3240CC2FFB59}
	EndGlobalSection
EndGlobal
